// !$*UTF8*$!
{
	archiveVersion = 1;
	classes = {
	};
	objectVersion = 55;
	objects = {

/* Begin PBXBuildFile section */
		69F940B9288E7FBF00543DE7 /* AppDelegate.swift in Sources */ = {isa = PBXBuildFile; fileRef = 69F940B8288E7FBF00543DE7 /* AppDelegate.swift */; };
		69F940BB288E7FBF00543DE7 /* SceneDelegate.swift in Sources */ = {isa = PBXBuildFile; fileRef = 69F940BA288E7FBF00543DE7 /* SceneDelegate.swift */; };
		69F940BD288E7FBF00543DE7 /* ViewController.swift in Sources */ = {isa = PBXBuildFile; fileRef = 69F940BC288E7FBF00543DE7 /* ViewController.swift */; };
		69F940C0288E7FBF00543DE7 /* Main.storyboard in Resources */ = {isa = PBXBuildFile; fileRef = 69F940BE288E7FBF00543DE7 /* Main.storyboard */; };
		69F940C3288E7FBF00543DE7 /* Nano_2___Burgy.xcdatamodeld in Sources */ = {isa = PBXBuildFile; fileRef = 69F940C1288E7FBF00543DE7 /* Nano_2___Burgy.xcdatamodeld */; };
		69F940C5288E7FC000543DE7 /* Assets.xcassets in Resources */ = {isa = PBXBuildFile; fileRef = 69F940C4288E7FC000543DE7 /* Assets.xcassets */; };
		69F940C8288E7FC000543DE7 /* LaunchScreen.storyboard in Resources */ = {isa = PBXBuildFile; fileRef = 69F940C6288E7FC000543DE7 /* LaunchScreen.storyboard */; };
		69F940D2289054CE00543DE7 /* Silom.ttf in Resources */ = {isa = PBXBuildFile; fileRef = 69F940D1289054CE00543DE7 /* Silom.ttf */; };
		AC58B6E72890D4B5008C7CDE /* NewTaskViewController.swift in Sources */ = {isa = PBXBuildFile; fileRef = AC58B6E62890D4B5008C7CDE /* NewTaskViewController.swift */; };
		AC58B6E92890D4F1008C7CDE /* MainCopy.storyboard in Resources */ = {isa = PBXBuildFile; fileRef = AC58B6E82890D4F1008C7CDE /* MainCopy.storyboard */; };
/* End PBXBuildFile section */

/* Begin PBXFileReference section */
		69F940B5288E7FBF00543DE7 /* Nano 2 - Burgy.app */ = {isa = PBXFileReference; explicitFileType = wrapper.application; includeInIndex = 0; path = "Nano 2 - Burgy.app"; sourceTree = BUILT_PRODUCTS_DIR; };
		69F940B8288E7FBF00543DE7 /* AppDelegate.swift */ = {isa = PBXFileReference; lastKnownFileType = sourcecode.swift; path = AppDelegate.swift; sourceTree = "<group>"; };
		69F940BA288E7FBF00543DE7 /* SceneDelegate.swift */ = {isa = PBXFileReference; lastKnownFileType = sourcecode.swift; path = SceneDelegate.swift; sourceTree = "<group>"; };
		69F940BC288E7FBF00543DE7 /* ViewController.swift */ = {isa = PBXFileReference; lastKnownFileType = sourcecode.swift; path = ViewController.swift; sourceTree = "<group>"; };
		69F940BF288E7FBF00543DE7 /* Base */ = {isa = PBXFileReference; lastKnownFileType = file.storyboard; name = Base; path = Base.lproj/Main.storyboard; sourceTree = "<group>"; };
		69F940C2288E7FBF00543DE7 /* Nano_2___Burgy.xcdatamodel */ = {isa = PBXFileReference; lastKnownFileType = wrapper.xcdatamodel; path = "Nano_2___Burgy.xcdatamodel"; sourceTree = "<group>"; };
		69F940C4288E7FC000543DE7 /* Assets.xcassets */ = {isa = PBXFileReference; lastKnownFileType = folder.assetcatalog; path = Assets.xcassets; sourceTree = "<group>"; };
		69F940C7288E7FC000543DE7 /* Base */ = {isa = PBXFileReference; lastKnownFileType = file.storyboard; name = Base; path = Base.lproj/LaunchScreen.storyboard; sourceTree = "<group>"; };
		69F940C9288E7FC000543DE7 /* Info.plist */ = {isa = PBXFileReference; lastKnownFileType = text.plist.xml; path = Info.plist; sourceTree = "<group>"; };
		69F940D1289054CE00543DE7 /* Silom.ttf */ = {isa = PBXFileReference; lastKnownFileType = file; path = Silom.ttf; sourceTree = "<group>"; };
		AC58B6E62890D4B5008C7CDE /* NewTaskViewController.swift */ = {isa = PBXFileReference; lastKnownFileType = sourcecode.swift; path = NewTaskViewController.swift; sourceTree = "<group>"; };
		AC58B6E82890D4F1008C7CDE /* MainCopy.storyboard */ = {isa = PBXFileReference; lastKnownFileType = file.storyboard; path = MainCopy.storyboard; sourceTree = "<group>"; };
/* End PBXFileReference section */

/* Begin PBXFrameworksBuildPhase section */
		69F940B2288E7FBF00543DE7 /* Frameworks */ = {
			isa = PBXFrameworksBuildPhase;
			buildActionMask = 2147483647;
			files = (
			);
			runOnlyForDeploymentPostprocessing = 0;
		};
/* End PBXFrameworksBuildPhase section */

/* Begin PBXGroup section */
		69F940AC288E7FBF00543DE7 = {
			isa = PBXGroup;
			children = (
				69F940B7288E7FBF00543DE7 /* Nano 2 - Burgy */,
				69F940B6288E7FBF00543DE7 /* Products */,
			);
			sourceTree = "<group>";
		};
		69F940B6288E7FBF00543DE7 /* Products */ = {
			isa = PBXGroup;
			children = (
				69F940B5288E7FBF00543DE7 /* Nano 2 - Burgy.app */,
			);
			name = Products;
			sourceTree = "<group>";
		};
		69F940B7288E7FBF00543DE7 /* Nano 2 - Burgy */ = {
			isa = PBXGroup;
			children = (
				AC58B6E52890D470008C7CDE /* Model */,
				AC58B6E42890D460008C7CDE /* Controller */,
				69F940B8288E7FBF00543DE7 /* AppDelegate.swift */,
				69F940BA288E7FBF00543DE7 /* SceneDelegate.swift */,
				69F940BE288E7FBF00543DE7 /* Main.storyboard */,
				AC58B6E82890D4F1008C7CDE /* MainCopy.storyboard */,
				69F940C9288E7FC000543DE7 /* Info.plist */,
				69F940CF288E802E00543DE7 /* Resources */,
			);
			path = "Nano 2 - Burgy";
			sourceTree = "<group>";
		};
		69F940CF288E802E00543DE7 /* Resources */ = {
			isa = PBXGroup;
			children = (
				69F940D02890549400543DE7 /* Font */,
				69F940C4288E7FC000543DE7 /* Assets.xcassets */,
				69F940C6288E7FC000543DE7 /* LaunchScreen.storyboard */,
				69F940C1288E7FBF00543DE7 /* Nano_2___Burgy.xcdatamodeld */,
			);
			path = Resources;
			sourceTree = "<group>";
		};
		69F940D02890549400543DE7 /* Font */ = {
			isa = PBXGroup;
			children = (
				69F940D1289054CE00543DE7 /* Silom.ttf */,
			);
			path = Font;
			sourceTree = "<group>";
		};
		AC58B6E42890D460008C7CDE /* Controller */ = {
			isa = PBXGroup;
			children = (
				AC58B6E62890D4B5008C7CDE /* NewTaskViewController.swift */,
				69F940BC288E7FBF00543DE7 /* ViewController.swift */,
			);
			path = Controller;
			sourceTree = "<group>";
		};
		AC58B6E52890D470008C7CDE /* Model */ = {
			isa = PBXGroup;
			children = (
			);
			path = Model;
			sourceTree = "<group>";
		};
/* End PBXGroup section */

/* Begin PBXNativeTarget section */
		69F940B4288E7FBF00543DE7 /* Nano 2 - Burgy */ = {
			isa = PBXNativeTarget;
			buildConfigurationList = 69F940CC288E7FC000543DE7 /* Build configuration list for PBXNativeTarget "Nano 2 - Burgy" */;
			buildPhases = (
				69F940B1288E7FBF00543DE7 /* Sources */,
				69F940B2288E7FBF00543DE7 /* Frameworks */,
				69F940B3288E7FBF00543DE7 /* Resources */,
			);
			buildRules = (
			);
			dependencies = (
			);
			name = "Nano 2 - Burgy";
			productName = "Nano 2 - Burgy";
			productReference = 69F940B5288E7FBF00543DE7 /* Nano 2 - Burgy.app */;
			productType = "com.apple.product-type.application";
		};
/* End PBXNativeTarget section */

/* Begin PBXProject section */
		69F940AD288E7FBF00543DE7 /* Project object */ = {
			isa = PBXProject;
			attributes = {
				BuildIndependentTargetsInParallel = 1;
				LastSwiftUpdateCheck = 1330;
				LastUpgradeCheck = 1330;
				TargetAttributes = {
					69F940B4288E7FBF00543DE7 = {
						CreatedOnToolsVersion = 13.3;
					};
				};
			};
			buildConfigurationList = 69F940B0288E7FBF00543DE7 /* Build configuration list for PBXProject "Nano 2 - Burgy" */;
			compatibilityVersion = "Xcode 13.0";
			developmentRegion = en;
			hasScannedForEncodings = 0;
			knownRegions = (
				en,
				Base,
			);
			mainGroup = 69F940AC288E7FBF00543DE7;
			productRefGroup = 69F940B6288E7FBF00543DE7 /* Products */;
			projectDirPath = "";
			projectRoot = "";
			targets = (
				69F940B4288E7FBF00543DE7 /* Nano 2 - Burgy */,
			);
		};
/* End PBXProject section */

/* Begin PBXResourcesBuildPhase section */
		69F940B3288E7FBF00543DE7 /* Resources */ = {
			isa = PBXResourcesBuildPhase;
			buildActionMask = 2147483647;
			files = (
				69F940C8288E7FC000543DE7 /* LaunchScreen.storyboard in Resources */,
				69F940D2289054CE00543DE7 /* Silom.ttf in Resources */,
				AC58B6E92890D4F1008C7CDE /* MainCopy.storyboard in Resources */,
				69F940C5288E7FC000543DE7 /* Assets.xcassets in Resources */,
				69F940C0288E7FBF00543DE7 /* Main.storyboard in Resources */,
			);
			runOnlyForDeploymentPostprocessing = 0;
		};
/* End PBXResourcesBuildPhase section */

/* Begin PBXSourcesBuildPhase section */
		69F940B1288E7FBF00543DE7 /* Sources */ = {
			isa = PBXSourcesBuildPhase;
			buildActionMask = 2147483647;
			files = (
				69F940BD288E7FBF00543DE7 /* ViewController.swift in Sources */,
				AC58B6E72890D4B5008C7CDE /* NewTaskViewController.swift in Sources */,
				69F940B9288E7FBF00543DE7 /* AppDelegate.swift in Sources */,
				69F940C3288E7FBF00543DE7 /* Nano_2___Burgy.xcdatamodeld in Sources */,
				69F940BB288E7FBF00543DE7 /* SceneDelegate.swift in Sources */,
			);
			runOnlyForDeploymentPostprocessing = 0;
		};
/* End PBXSourcesBuildPhase section */

/* Begin PBXVariantGroup section */
		69F940BE288E7FBF00543DE7 /* Main.storyboard */ = {
			isa = PBXVariantGroup;
			children = (
				69F940BF288E7FBF00543DE7 /* Base */,
			);
			name = Main.storyboard;
			sourceTree = "<group>";
		};
		69F940C6288E7FC000543DE7 /* LaunchScreen.storyboard */ = {
			isa = PBXVariantGroup;
			children = (
				69F940C7288E7FC000543DE7 /* Base */,
			);
			name = LaunchScreen.storyboard;
			sourceTree = "<group>";
		};
/* End PBXVariantGroup section */

/* Begin XCBuildConfiguration section */
		69F940CA288E7FC000543DE7 /* Debug */ = {
			isa = XCBuildConfiguration;
			buildSettings = {
				ALWAYS_SEARCH_USER_PATHS = NO;
				CLANG_ANALYZER_NONNULL = YES;
				CLANG_ANALYZER_NUMBER_OBJECT_CONVERSION = YES_AGGRESSIVE;
				CLANG_CXX_LANGUAGE_STANDARD = "gnu++17";
				CLANG_ENABLE_MODULES = YES;
				CLANG_ENABLE_OBJC_ARC = YES;
				CLANG_ENABLE_OBJC_WEAK = YES;
				CLANG_WARN_BLOCK_CAPTURE_AUTORELEASING = YES;
				CLANG_WARN_BOOL_CONVERSION = YES;
				CLANG_WARN_COMMA = YES;
				CLANG_WARN_CONSTANT_CONVERSION = YES;
				CLANG_WARN_DEPRECATED_OBJC_IMPLEMENTATIONS = YES;
				CLANG_WARN_DIRECT_OBJC_ISA_USAGE = YES_ERROR;
				CLANG_WARN_DOCUMENTATION_COMMENTS = YES;
				CLANG_WARN_EMPTY_BODY = YES;
				CLANG_WARN_ENUM_CONVERSION = YES;
				CLANG_WARN_INFINITE_RECURSION = YES;
				CLANG_WARN_INT_CONVERSION = YES;
				CLANG_WARN_NON_LITERAL_NULL_CONVERSION = YES;
				CLANG_WARN_OBJC_IMPLICIT_RETAIN_SELF = YES;
				CLANG_WARN_OBJC_LITERAL_CONVERSION = YES;
				CLANG_WARN_OBJC_ROOT_CLASS = YES_ERROR;
				CLANG_WARN_QUOTED_INCLUDE_IN_FRAMEWORK_HEADER = YES;
				CLANG_WARN_RANGE_LOOP_ANALYSIS = YES;
				CLANG_WARN_STRICT_PROTOTYPES = YES;
				CLANG_WARN_SUSPICIOUS_MOVE = YES;
				CLANG_WARN_UNGUARDED_AVAILABILITY = YES_AGGRESSIVE;
				CLANG_WARN_UNREACHABLE_CODE = YES;
				CLANG_WARN__DUPLICATE_METHOD_MATCH = YES;
				COPY_PHASE_STRIP = NO;
				DEBUG_INFORMATION_FORMAT = dwarf;
				ENABLE_STRICT_OBJC_MSGSEND = YES;
				ENABLE_TESTABILITY = YES;
				GCC_C_LANGUAGE_STANDARD = gnu11;
				GCC_DYNAMIC_NO_PIC = NO;
				GCC_NO_COMMON_BLOCKS = YES;
				GCC_OPTIMIZATION_LEVEL = 0;
				GCC_PREPROCESSOR_DEFINITIONS = (
					"DEBUG=1",
					"$(inherited)",
				);
				GCC_WARN_64_TO_32_BIT_CONVERSION = YES;
				GCC_WARN_ABOUT_RETURN_TYPE = YES_ERROR;
				GCC_WARN_UNDECLARED_SELECTOR = YES;
				GCC_WARN_UNINITIALIZED_AUTOS = YES_AGGRESSIVE;
				GCC_WARN_UNUSED_FUNCTION = YES;
				GCC_WARN_UNUSED_VARIABLE = YES;
				IPHONEOS_DEPLOYMENT_TARGET = 15.4;
				MTL_ENABLE_DEBUG_INFO = INCLUDE_SOURCE;
				MTL_FAST_MATH = YES;
				ONLY_ACTIVE_ARCH = YES;
				SDKROOT = iphoneos;
				SWIFT_ACTIVE_COMPILATION_CONDITIONS = DEBUG;
				SWIFT_OPTIMIZATION_LEVEL = "-Onone";
			};
			name = Debug;
		};
		69F940CB288E7FC000543DE7 /* Release */ = {
			isa = XCBuildConfiguration;
			buildSettings = {
				ALWAYS_SEARCH_USER_PATHS = NO;
				CLANG_ANALYZER_NONNULL = YES;
				CLANG_ANALYZER_NUMBER_OBJECT_CONVERSION = YES_AGGRESSIVE;
				CLANG_CXX_LANGUAGE_STANDARD = "gnu++17";
				CLANG_ENABLE_MODULES = YES;
				CLANG_ENABLE_OBJC_ARC = YES;
				CLANG_ENABLE_OBJC_WEAK = YES;
				CLANG_WARN_BLOCK_CAPTURE_AUTORELEASING = YES;
				CLANG_WARN_BOOL_CONVERSION = YES;
				CLANG_WARN_COMMA = YES;
				CLANG_WARN_CONSTANT_CONVERSION = YES;
				CLANG_WARN_DEPRECATED_OBJC_IMPLEMENTATIONS = YES;
				CLANG_WARN_DIRECT_OBJC_ISA_USAGE = YES_ERROR;
				CLANG_WARN_DOCUMENTATION_COMMENTS = YES;
				CLANG_WARN_EMPTY_BODY = YES;
				CLANG_WARN_ENUM_CONVERSION = YES;
				CLANG_WARN_INFINITE_RECURSION = YES;
				CLANG_WARN_INT_CONVERSION = YES;
				CLANG_WARN_NON_LITERAL_NULL_CONVERSION = YES;
				CLANG_WARN_OBJC_IMPLICIT_RETAIN_SELF = YES;
				CLANG_WARN_OBJC_LITERAL_CONVERSION = YES;
				CLANG_WARN_OBJC_ROOT_CLASS = YES_ERROR;
				CLANG_WARN_QUOTED_INCLUDE_IN_FRAMEWORK_HEADER = YES;
				CLANG_WARN_RANGE_LOOP_ANALYSIS = YES;
				CLANG_WARN_STRICT_PROTOTYPES = YES;
				CLANG_WARN_SUSPICIOUS_MOVE = YES;
				CLANG_WARN_UNGUARDED_AVAILABILITY = YES_AGGRESSIVE;
				CLANG_WARN_UNREACHABLE_CODE = YES;
				CLANG_WARN__DUPLICATE_METHOD_MATCH = YES;
				COPY_PHASE_STRIP = NO;
				DEBUG_INFORMATION_FORMAT = "dwarf-with-dsym";
				ENABLE_NS_ASSERTIONS = NO;
				ENABLE_STRICT_OBJC_MSGSEND = YES;
				GCC_C_LANGUAGE_STANDARD = gnu11;
				GCC_NO_COMMON_BLOCKS = YES;
				GCC_WARN_64_TO_32_BIT_CONVERSION = YES;
				GCC_WARN_ABOUT_RETURN_TYPE = YES_ERROR;
				GCC_WARN_UNDECLARED_SELECTOR = YES;
				GCC_WARN_UNINITIALIZED_AUTOS = YES_AGGRESSIVE;
				GCC_WARN_UNUSED_FUNCTION = YES;
				GCC_WARN_UNUSED_VARIABLE = YES;
				IPHONEOS_DEPLOYMENT_TARGET = 15.4;
				MTL_ENABLE_DEBUG_INFO = NO;
				MTL_FAST_MATH = YES;
				SDKROOT = iphoneos;
				SWIFT_COMPILATION_MODE = wholemodule;
				SWIFT_OPTIMIZATION_LEVEL = "-O";
				VALIDATE_PRODUCT = YES;
			};
			name = Release;
		};
		69F940CD288E7FC000543DE7 /* Debug */ = {
			isa = XCBuildConfiguration;
			buildSettings = {
				ASSETCATALOG_COMPILER_APPICON_NAME = AppIcon;
				ASSETCATALOG_COMPILER_GLOBAL_ACCENT_COLOR_NAME = AccentColor;
				CODE_SIGN_STYLE = Automatic;
				CURRENT_PROJECT_VERSION = 1;
				DEVELOPMENT_TEAM = 433FV5HT83;
				GENERATE_INFOPLIST_FILE = YES;
				INFOPLIST_FILE = "Nano 2 - Burgy/Info.plist";
				INFOPLIST_KEY_UIApplicationSupportsIndirectInputEvents = YES;
				INFOPLIST_KEY_UILaunchStoryboardName = LaunchScreen;
				INFOPLIST_KEY_UIMainStoryboardFile = Main;
				INFOPLIST_KEY_UISupportedInterfaceOrientations_iPad = "UIInterfaceOrientationPortrait UIInterfaceOrientationPortraitUpsideDown UIInterfaceOrientationLandscapeLeft UIInterfaceOrientationLandscapeRight";
				INFOPLIST_KEY_UISupportedInterfaceOrientations_iPhone = "UIInterfaceOrientationPortrait UIInterfaceOrientationLandscapeLeft UIInterfaceOrientationLandscapeRight";
				LD_RUNPATH_SEARCH_PATHS = (
					"$(inherited)",
					"@executable_path/Frameworks",
				);
				MARKETING_VERSION = 1.0;
				PRODUCT_BUNDLE_IDENTIFIER = "Eufra.Nano-2---Burgy";
				PRODUCT_NAME = "$(TARGET_NAME)";
				SWIFT_EMIT_LOC_STRINGS = YES;
				SWIFT_VERSION = 5.0;
				TARGETED_DEVICE_FAMILY = "1,2";
			};
			name = Debug;
		};
		69F940CE288E7FC000543DE7 /* Release */ = {
			isa = XCBuildConfiguration;
			buildSettings = {
				ASSETCATALOG_COMPILER_APPICON_NAME = AppIcon;
				ASSETCATALOG_COMPILER_GLOBAL_ACCENT_COLOR_NAME = AccentColor;
				CODE_SIGN_STYLE = Automatic;
				CURRENT_PROJECT_VERSION = 1;
				DEVELOPMENT_TEAM = 433FV5HT83;
				GENERATE_INFOPLIST_FILE = YES;
				INFOPLIST_FILE = "Nano 2 - Burgy/Info.plist";
				INFOPLIST_KEY_UIApplicationSupportsIndirectInputEvents = YES;
				INFOPLIST_KEY_UILaunchStoryboardName = LaunchScreen;
				INFOPLIST_KEY_UIMainStoryboardFile = Main;
				INFOPLIST_KEY_UISupportedInterfaceOrientations_iPad = "UIInterfaceOrientationPortrait UIInterfaceOrientationPortraitUpsideDown UIInterfaceOrientationLandscapeLeft UIInterfaceOrientationLandscapeRight";
				INFOPLIST_KEY_UISupportedInterfaceOrientations_iPhone = "UIInterfaceOrientationPortrait UIInterfaceOrientationLandscapeLeft UIInterfaceOrientationLandscapeRight";
				LD_RUNPATH_SEARCH_PATHS = (
					"$(inherited)",
					"@executable_path/Frameworks",
				);
				MARKETING_VERSION = 1.0;
				PRODUCT_BUNDLE_IDENTIFIER = "Eufra.Nano-2---Burgy";
				PRODUCT_NAME = "$(TARGET_NAME)";
				SWIFT_EMIT_LOC_STRINGS = YES;
				SWIFT_VERSION = 5.0;
				TARGETED_DEVICE_FAMILY = "1,2";
			};
			name = Release;
		};
/* End XCBuildConfiguration section */

/* Begin XCConfigurationList section */
		69F940B0288E7FBF00543DE7 /* Build configuration list for PBXProject "Nano 2 - Burgy" */ = {
			isa = XCConfigurationList;
			buildConfigurations = (
				69F940CA288E7FC000543DE7 /* Debug */,
				69F940CB288E7FC000543DE7 /* Release */,
			);
			defaultConfigurationIsVisible = 0;
			defaultConfigurationName = Release;
		};
		69F940CC288E7FC000543DE7 /* Build configuration list for PBXNativeTarget "Nano 2 - Burgy" */ = {
			isa = XCConfigurationList;
			buildConfigurations = (
				69F940CD288E7FC000543DE7 /* Debug */,
				69F940CE288E7FC000543DE7 /* Release */,
			);
			defaultConfigurationIsVisible = 0;
			defaultConfigurationName = Release;
		};
/* End XCConfigurationList section */

/* Begin XCVersionGroup section */
		69F940C1288E7FBF00543DE7 /* Nano_2___Burgy.xcdatamodeld */ = {
			isa = XCVersionGroup;
			children = (
				69F940C2288E7FBF00543DE7 /* Nano_2___Burgy.xcdatamodel */,
			);
			currentVersion = 69F940C2288E7FBF00543DE7 /* Nano_2___Burgy.xcdatamodel */;
			path = "Nano_2___Burgy.xcdatamodeld";
			sourceTree = "<group>";
			versionGroupType = wrapper.xcdatamodel;
		};
/* End XCVersionGroup section */
	};
	rootObject = 69F940AD288E7FBF00543DE7 /* Project object */;
}
